
Microsoft Visual Studio Solution File, Format Version 12.00
# Visual Studio 15
VisualStudioVersion = 15.0.27428.2027
MinimumVisualStudioVersion = 10.0.40219.1
Project("{8BC9CEB8-8B4A-11D0-8D11-00A0C91BC942}") = "EX05_01", "EX05_01\EX05_01.vcxproj", "{DB8112AB-F58F-45D2-AF04-66CD9DDD3F31}"
EndProject
Global
	GlobalSection(SolutionConfigurationPlatforms) = preSolution
		Debug|x64 = Debug|x64
		Debug|x86 = Debug|x86
		Release|x64 = Release|x64
		Release|x86 = Release|x86
	EndGlobalSection
	GlobalSection(ProjectConfigurationPlatforms) = postSolution
		{DB8112AB-F58F-45D2-AF04-66CD9DDD3F31}.Debug|x64.ActiveCfg = Debug|x64
		{DB8112AB-F58F-45D2-AF04-66CD9DDD3F31}.Debug|x64.Build.0 = Debug|x64
		{DB8112AB-F58F-45D2-AF04-66CD9DDD3F31}.Debug|x86.ActiveCfg = Debug|Win32
		{DB8112AB-F58F-45D2-AF04-66CD9DDD3F31}.Debug|x86.Build.0 = Debug|Win32
		{DB8112AB-F58F-45D2-AF04-66CD9DDD3F31}.Release|x64.ActiveCfg = Release|x64
		{DB8112AB-F58F-45D2-AF04-66CD9DDD3F31}.Release|x64.Build.0 = Release|x64
		{DB8112AB-F58F-45D2-AF04-66CD9DDD3F31}.Release|x86.ActiveCfg = Release|Win32
		{DB8112AB-F58F-45D2-AF04-66CD9DDD3F31}.Release|x86.Build.0 = Release|Win32
	EndGlobalSection
	GlobalSection(SolutionProperties) = preSolution
		HideSolutionNode = FALSE
	EndGlobalSection
	GlobalSection(ExtensibilityGlobals) = postSolution
		SolutionGuid = {C9D5622D-2217-4060-826C-F9697DBE2680}
	EndGlobalSection
EndGlobal
