
Microsoft Visual Studio Solution File, Format Version 12.00
# Visual Studio 15
VisualStudioVersion = 15.0.27428.2027
MinimumVisualStudioVersion = 10.0.40219.1
Project("{8BC9CEB8-8B4A-11D0-8D11-00A0C91BC942}") = "EX06_01", "EX06_01\EX06_01.vcxproj", "{ADA47622-EB2F-4F29-9C3D-34481FC8684B}"
EndProject
Global
	GlobalSection(SolutionConfigurationPlatforms) = preSolution
		Debug|x64 = Debug|x64
		Debug|x86 = Debug|x86
		Release|x64 = Release|x64
		Release|x86 = Release|x86
	EndGlobalSection
	GlobalSection(ProjectConfigurationPlatforms) = postSolution
		{ADA47622-EB2F-4F29-9C3D-34481FC8684B}.Debug|x64.ActiveCfg = Debug|x64
		{ADA47622-EB2F-4F29-9C3D-34481FC8684B}.Debug|x64.Build.0 = Debug|x64
		{ADA47622-EB2F-4F29-9C3D-34481FC8684B}.Debug|x86.ActiveCfg = Debug|Win32
		{ADA47622-EB2F-4F29-9C3D-34481FC8684B}.Debug|x86.Build.0 = Debug|Win32
		{ADA47622-EB2F-4F29-9C3D-34481FC8684B}.Release|x64.ActiveCfg = Release|x64
		{ADA47622-EB2F-4F29-9C3D-34481FC8684B}.Release|x64.Build.0 = Release|x64
		{ADA47622-EB2F-4F29-9C3D-34481FC8684B}.Release|x86.ActiveCfg = Release|Win32
		{ADA47622-EB2F-4F29-9C3D-34481FC8684B}.Release|x86.Build.0 = Release|Win32
	EndGlobalSection
	GlobalSection(SolutionProperties) = preSolution
		HideSolutionNode = FALSE
	EndGlobalSection
	GlobalSection(ExtensibilityGlobals) = postSolution
		SolutionGuid = {174C6D4B-F669-4055-8CE7-600F24468BC6}
	EndGlobalSection
EndGlobal
