
Microsoft Visual Studio Solution File, Format Version 12.00
# Visual Studio 15
VisualStudioVersion = 15.0.27428.2027
MinimumVisualStudioVersion = 10.0.40219.1
Project("{8BC9CEB8-8B4A-11D0-8D11-00A0C91BC942}") = "EX05_03", "EX05_03\EX05_03.vcxproj", "{3EAC6BC2-68B6-488D-9F1C-5338CBF84A6F}"
EndProject
Global
	GlobalSection(SolutionConfigurationPlatforms) = preSolution
		Debug|x64 = Debug|x64
		Debug|x86 = Debug|x86
		Release|x64 = Release|x64
		Release|x86 = Release|x86
	EndGlobalSection
	GlobalSection(ProjectConfigurationPlatforms) = postSolution
		{3EAC6BC2-68B6-488D-9F1C-5338CBF84A6F}.Debug|x64.ActiveCfg = Debug|x64
		{3EAC6BC2-68B6-488D-9F1C-5338CBF84A6F}.Debug|x64.Build.0 = Debug|x64
		{3EAC6BC2-68B6-488D-9F1C-5338CBF84A6F}.Debug|x86.ActiveCfg = Debug|Win32
		{3EAC6BC2-68B6-488D-9F1C-5338CBF84A6F}.Debug|x86.Build.0 = Debug|Win32
		{3EAC6BC2-68B6-488D-9F1C-5338CBF84A6F}.Release|x64.ActiveCfg = Release|x64
		{3EAC6BC2-68B6-488D-9F1C-5338CBF84A6F}.Release|x64.Build.0 = Release|x64
		{3EAC6BC2-68B6-488D-9F1C-5338CBF84A6F}.Release|x86.ActiveCfg = Release|Win32
		{3EAC6BC2-68B6-488D-9F1C-5338CBF84A6F}.Release|x86.Build.0 = Release|Win32
	EndGlobalSection
	GlobalSection(SolutionProperties) = preSolution
		HideSolutionNode = FALSE
	EndGlobalSection
	GlobalSection(ExtensibilityGlobals) = postSolution
		SolutionGuid = {88D04D37-E764-450B-B851-D980C5C8B975}
	EndGlobalSection
EndGlobal
